
Microsoft Visual Studio Solution File, Format Version 12.00
# Visual Studio Version 17
VisualStudioVersion = 17.1.32407.343
MinimumVisualStudioVersion = 10.0.40219.1
Project("{FAE04EC0-301F-11D3-BF4B-00C04F79EFBC}") = "aplicacion2", "aplicacion2.csproj", "{C67D0F43-F0C4-4BA6-B189-16035ABE9A19}"
EndProject
Global
	GlobalSection(SolutionConfigurationPlatforms) = preSolution
		Debug|Any CPU = Debug|Any CPU
		Release|Any CPU = Release|Any CPU
	EndGlobalSection
	GlobalSection(ProjectConfigurationPlatforms) = postSolution
		{C67D0F43-F0C4-4BA6-B189-16035ABE9A19}.Debug|Any CPU.ActiveCfg = Debug|Any CPU
		{C67D0F43-F0C4-4BA6-B189-16035ABE9A19}.Debug|Any CPU.Build.0 = Debug|Any CPU
		{C67D0F43-F0C4-4BA6-B189-16035ABE9A19}.Release|Any CPU.ActiveCfg = Release|Any CPU
		{C67D0F43-F0C4-4BA6-B189-16035ABE9A19}.Release|Any CPU.Build.0 = Release|Any CPU
	EndGlobalSection
	GlobalSection(SolutionProperties) = preSolution
		HideSolutionNode = FALSE
	EndGlobalSection
	GlobalSection(ExtensibilityGlobals) = postSolution
		SolutionGuid = {7327B4E1-0260-47D6-9934-7D4D8BD8EDD5}
	EndGlobalSection
EndGlobal
